
Microsoft Visual Studio Solution File, Format Version 11.00
# Visual Studio 2010
Project("{FAE04EC0-301F-11D3-BF4B-00C04F79EFBC}") = "Bengesht", "Bengesht\Bengesht.csproj", "{B25B9856-B2A1-42A1-B7E9-7C7C10199E8C}"
EndProject
Global
	GlobalSection(SolutionConfigurationPlatforms) = preSolution
		Debug32|Any CPU = Debug32|Any CPU
		Release|Any CPU = Release|Any CPU
	EndGlobalSection
	GlobalSection(ProjectConfigurationPlatforms) = postSolution
		{B25B9856-B2A1-42A1-B7E9-7C7C10199E8C}.Debug32|Any CPU.ActiveCfg = Debug32|Any CPU
		{B25B9856-B2A1-42A1-B7E9-7C7C10199E8C}.Debug32|Any CPU.Build.0 = Debug32|Any CPU
		{B25B9856-B2A1-42A1-B7E9-7C7C10199E8C}.Release|Any CPU.ActiveCfg = Release|Any CPU
		{B25B9856-B2A1-42A1-B7E9-7C7C10199E8C}.Release|Any CPU.Build.0 = Release|Any CPU
	EndGlobalSection
	GlobalSection(SolutionProperties) = preSolution
		HideSolutionNode = FALSE
	EndGlobalSection
EndGlobal
